{
  "version": 4,
  "terraform_version": "1.2.4",
  "serial": 34,
  "lineage": "ebe54079-ff9c-c388-af43-bd7e5f9a5f69",
  "outputs": {
    "master_public_ip_address": {
      "value": [
        {
          "gateway_load_balancer_frontend_ip_configuration_id": "",
          "name": "masterNicConfiguration",
          "primary": true,
          "private_ip_address": "10.0.1.101",
          "private_ip_address_allocation": "Static",
          "private_ip_address_version": "IPv4",
          "public_ip_address_id": "/subscriptions/09923029-280b-4233-8198-9ae8dd925f46/resourceGroups/rg-comic-hermit/providers/Microsoft.Network/publicIPAddresses/masterpublicip",
          "subnet_id": "/subscriptions/09923029-280b-4233-8198-9ae8dd925f46/resourceGroups/rg-comic-hermit/providers/Microsoft.Network/virtualNetworks/myVnet/subnets/mySubnet"
        }
      ],
      "type": [
        "list",
        [
          "object",
          {
            "gateway_load_balancer_frontend_ip_configuration_id": "string",
            "name": "string",
            "primary": "bool",
            "private_ip_address": "string",
            "private_ip_address_allocation": "string",
            "private_ip_address_version": "string",
            "public_ip_address_id": "string",
            "subnet_id": "string"
          }
        ]
      ]
    },
    "nfs_public_ip_address": {
      "value": [
        {
          "gateway_load_balancer_frontend_ip_configuration_id": "",
          "name": "NFSNicConfiguration",
          "primary": true,
          "private_ip_address": "10.0.1.103",
          "private_ip_address_allocation": "Static",
          "private_ip_address_version": "IPv4",
          "public_ip_address_id": "/subscriptions/09923029-280b-4233-8198-9ae8dd925f46/resourceGroups/rg-comic-hermit/providers/Microsoft.Network/publicIPAddresses/NFSpublicip",
          "subnet_id": "/subscriptions/09923029-280b-4233-8198-9ae8dd925f46/resourceGroups/rg-comic-hermit/providers/Microsoft.Network/virtualNetworks/myVnet/subnets/mySubnet"
        }
      ],
      "type": [
        "list",
        [
          "object",
          {
            "gateway_load_balancer_frontend_ip_configuration_id": "string",
            "name": "string",
            "primary": "bool",
            "private_ip_address": "string",
            "private_ip_address_allocation": "string",
            "private_ip_address_version": "string",
            "public_ip_address_id": "string",
            "subnet_id": "string"
          }
        ]
      ]
    },
    "resource_group_name": {
      "value": "rg-comic-hermit",
      "type": "string"
    },
    "tls_private_key": {
      "value": "-----BEGIN RSA PRIVATE KEY-----\nMIIJKAIBAAKCAgEAq7ouFboX8M5UMmg8Buwqi9u9Zrfwq2GR03j+IVf5JO4Ig+mu\nNy12ZlmimGIkpr0KwDvKVBNk88h/jdgR53EX0AwFgRF0pM44VLO/lle5FWE3DNxC\n858TtTBrFu4nZbN6NqxooAfx/wEtGzawd+M9dlLz2TQ4LizSdZrDLzaAlwsffmq+\nig2Vvie31FGSVDCG/cuWIl/CYHv09j0uuQg5zKxNly6EXb3K3hy0iD5TDNIcoEpz\n8RZPxuK36nQCnJtjOYUoHnQ4o8/i5LgNEPBsO3bZiOcr7d+lhJ0a4rPGsh+RXojR\nYIKSmypHEc3Y8YyuSfctsHZjTBceJ85KpTuH7v9FIQzmbBDy0dha/pE4qvTGC8lX\nX1NOZCpnDKf8db/t0c9BkGjbIFHoDDxza9bZLlG//xRErW5nxmEpH/lgwlNmeC4j\n4PQoVZE41PIL1FZP1BtZTTEOpM55AJfDgl/3hbsRKnpJ49wA3wWVzchPpVp4czeq\nXzPyr3GztN712b91P1Q85T5q5LYrw097MfqxD+aWWfrbrIaBOBqG7g679C3yc3Yt\nonqfmxW6mDYUz1IVvCe7TY9pVZ4O4gCPLd6Lb8cB9PVd+WpSVtzzHjgPxsjvE3yh\ng3fpZ778V0AQQKGgO8pTkh53XeInqmHiCgxjz5OMZKsgAG1tSE5TAV7HEzECAwEA\nAQKCAgBvuYtuG0qkIrjoqqQTJOdxYp9RCu8LsUj8usUr0F6JxkvH9uqff3Z+lGaS\nmZea23b5Jm02Uf/mE1XZZPAREaUaeBfEpySqbHh9sww8tgn2fO8h8NOmSKK7ySqD\nGqKLKj+i/nx7UXACJjPAds5M0Y0VRFbdw3mhoQuz8+J0/xKeMmBlEPGyQ7BerNyO\nyBtZptDMof2lk4OU3lC7O4cAXverz5YTe/ImQuqPo0FZOqMxvildp9LS0V9J2Ass\nABoK5ZWiwJ0fYyHOgdvuTkhB8wmXjnVs+mm8MzsukkABqlDlZmBfjsgZ8BmN1e2z\nCafRT2O9P5F8MynbQVcfMrmh0p9WrwpaQem4Mv0wnxM68Y9YoLFqcHsPHAmAItL2\nE8BlAgoYpj+wHiDAJsAW4JJ3C7+rdPNZXF1Xd5Y7Gx0DvMR5KBC8cQb2sXgZpfrA\nqGPEFJ+PLcxaO4TMQAzXz6v557wpb9CVAaCcMZRutJprNWgZkIoh3bwDIYe8ahHB\nZJgx04C+3PIxw5PajbVGshIQcJ8qXGlaERFVxcdkTNCXhCkf/iuR3iZc4AGjgpoB\np4T9RD0cUSSSG2Y0UOTsJYpwStxoe8PD2fukO197xuujO0/qY/3W3QtnbzuD+nVD\nX/D9Hf1plgUmK1gXQ0BG1YROdWqSdvfI82vcMky1rgPsZ6rJWQKCAQEAwWgyCxAl\nmPfX+Bi139YgvHjD5fIOVjxMtW7Eumzp+fEUKYz1amV6ekksfOspdxN1tenwTKFF\nvDx/xuU94qlHLg1IsQdLV/6HkK3E2cpWHfvYt3fuRF7nI6QJzl+BDsIHAtNGDGUj\nugWvmGrckMBJztmGtLJ+K0Fjo2cwGyJNiHG5DTsUPs4yV33My+ciGM4Ly9Ked9Ip\nmCGG/MkehniBAShX1LkdFN/fqaAAwIcDL9Rvm9k1Go+HgpKyFdJWUF7uplNbP7sl\niR9lSVyIMtnxf42PX3eDkNeroOGiEGDdlorkcLoSzIpwbu8NRuQ/FEpZyeymM20p\nmVzwY4uyE8fRswKCAQEA403QTQsuoN8bka3T/mcmX2NL+8+pip48m6EVwQUcx7vb\naciAKDTWrpySGZvVsBP4cJ1B+NGyegVpAnhv9yJdhM0Yqa1a+NY4yhWPYqrTMuP7\n4ueOBV5vhpXBHpnmX3M7w0oA5i5AwxPiVyZzzkoW1+jtWluTqzFKWqLcHx06CJM8\nISCWvJjs6Wv553gLTZ0QKcbBcPsJZAu+NCe4R7dc5GhQYkFcTbrPzGxpv1DKrGfX\ncTU7XTR94wotI+qkTBCymZDVsPremMexVLet6SP6m7gHcNvTACkSPVeEgqWLwbwi\nxSOycomwcOgG6/kS5i1exVj+MvvKXPA40uiteYVtiwKCAQAk3YOMcEt6WOOlurAQ\nNnSO+EX+8qCg92V3v+Fn15LRvY4mTWQKH8W0wXXlab3BoMfzIOBY+vSb6LxCYTfm\nmHWk5YtRkx5da3rTrQu0p8i6dmLctdOI3L4aIQ5tc+7ZrUpA05yqiCzDLIpH9zaL\nsNtgvj3a+5rpC9G+N9EHmwZEV8j6KKS3Q/58htIem7P4Hm5JL6BdHoYnJVzhmkRj\nRVzxp4r2VUKh0/qCDqmWCSYmW8vaXRCuO2WNEgE3/5vMPgwnUAQ4paeF96IK1cRw\nTPKnaYhGnjVJypJAXEHT9WLHazoX8p/atRixTIevV5ped72dq6oSa2Beh0Sa9OnA\ns3nZAoIBAG0gpqjWfYRumOXP9r9k9l9FZO14PYV3gtGU/MS2l6Ks5iJbSGwFMiyS\nrvHshyMJ83TdixbSVkWO42N0Pwz/Sra/YN/Vgp+E+a7LuxM7wDnmir/dO6oINLMA\nor72VEvvHvobRWM9QYpmuXvt0htwJpdyFMIUxUijWXc6SUQG3B3R0kR1SOky4ksO\ns+QVFhglF+V2rth3LYMCwEZ561dDCS3/htglWRNYZPtX8U0QlL1A/YY0cFPHJ8kg\n0Zs0w7xhJ93iUzWsu8HN3a02oiAUTfUE3U2pvBuPnFom8k9m+zoAARF0me+zeyo5\nu1j/M7uefKlymFgR2o3UJvPbEa4OCRECggEBAKFvCnli1Ih3+AIyJtH31K/cpS5i\nahiuK5tVfb4QO5LBmFqf+SDnh1r68Frg8w+VF2d9/VYfWEZ+IjDsymQrL1N1kv3H\nxg/T3u+iqWBx73wHj9ydH9VskaSnoOANz2MApSBOUU8zY3dU9SpA4FZsbl9y5DZH\nBDnCgXz+DxROPi5N+WdTugkQHgzVmv3Pj1uGpM92MRQvf7I3Yjv4wG8HN2qlYZnZ\nwQz6ciqaSV7N7DmqrGj5+zu7r4/KsQQrqeERRxw1ZLE1Yl8xfFl34axbSRCuzr9r\nRA8mowB0wTeiFedqzRlluG6wxllhyoxqxa6uY75I5Q2t0RS4RklL+NXQGho=\n-----END RSA PRIVATE KEY-----\n",
      "type": "string",
      "sensitive": true
    },
    "worker_public_ip_address": {
      "value": [
        {
          "gateway_load_balancer_frontend_ip_configuration_id": "",
          "name": "workerNicConfiguration",
          "primary": true,
          "private_ip_address": "10.0.1.102",
          "private_ip_address_allocation": "Static",
          "private_ip_address_version": "IPv4",
          "public_ip_address_id": "/subscriptions/09923029-280b-4233-8198-9ae8dd925f46/resourceGroups/rg-comic-hermit/providers/Microsoft.Network/publicIPAddresses/workerpublicip",
          "subnet_id": "/subscriptions/09923029-280b-4233-8198-9ae8dd925f46/resourceGroups/rg-comic-hermit/providers/Microsoft.Network/virtualNetworks/myVnet/subnets/mySubnet"
        }
      ],
      "type": [
        "list",
        [
          "object",
          {
            "gateway_load_balancer_frontend_ip_configuration_id": "string",
            "name": "string",
            "primary": "bool",
            "private_ip_address": "string",
            "private_ip_address_allocation": "string",
            "private_ip_address_version": "string",
            "public_ip_address_id": "string",
            "subnet_id": "string"
          }
        ]
      ]
    }
  },
  "resources": [
    {
      "mode": "managed",
      "type": "azurerm_linux_virtual_machine",
      "name": "NFSKubernetes",
      "provider": "provider[\"registry.terraform.io/hashicorp/azurerm\"]",
      "instances": [
        {
          "schema_version": 0,
          "attributes": {
            "additional_capabilities": [],
            "admin_password": null,
            "admin_ssh_key": [
              {
                "public_key": "ssh-rsa AAAAB3NzaC1yc2EAAAADAQABAAABgQCzJ4cZaZmjq22/+YlUn8MIODIx0p8oQwHI7ZSI/7bYKcPVB+CPYqkN348YAAm1PqiJ0KuuPxrlsHnBOkcJTjKIedKnsjNuho5xTx76j0aXx6S9ZBPPK2y93a8Bj13LhZKoi+G8AuzINOBeqX+BIT/Jjr6iURpOTTXpPbFliJdzDKrQdLhkl6ymXbA87QU4nVQB+QZbullCLbiApephO798oLktbWumSwQP4z6J1HeFQEql32TwVpPAtTRGgjoPHg9c3FvChnf6Bo2aaqjCr0Yl5xNkIztdf8I22WTyYwdp0s8aNtXaZcM5yKXexF9xT+D5eOffrMkb6lCUwXVCQuUb1uH+KHtP2jOT0qMpHmM6KOZcjAJIBHQSk9wZiSXhT/ObR+hTpxbEPs6OZ77F9JcaB0ql3ovG+6FiT4dgwMBsamY1ibqewvH6NdSPX5cfTR6dXhhtfiJbjDQ1ByXvp7lH7xyFjR4Mfx2KB4UhJ6PeOeYInLg1rTQN+SFND1A1pRU= jaumegarriga@localhost\n",
                "username": "azureuser"
              }
            ],
            "admin_username": "azureuser",
            "allow_extension_operations": true,
            "availability_set_id": "",
            "boot_diagnostics": [
              {
                "storage_account_uri": "https://diage618459f0cc4bcb8.blob.core.windows.net/"
              }
            ],
            "computer_name": "NFS.example.com",
            "custom_data": null,
            "dedicated_host_group_id": "",
            "dedicated_host_id": "",
            "disable_password_authentication": true,
            "encryption_at_host_enabled": false,
            "eviction_policy": "",
            "extensions_time_budget": "PT1H30M",
            "id": "/subscriptions/09923029-280b-4233-8198-9ae8dd925f46/resourceGroups/rg-comic-hermit/providers/Microsoft.Compute/virtualMachines/NFS.example.com",
            "identity": [],
            "license_type": "",
            "location": "uksouth",
            "max_bid_price": -1,
            "name": "NFS.example.com",
            "network_interface_ids": [
              "/subscriptions/09923029-280b-4233-8198-9ae8dd925f46/resourceGroups/rg-comic-hermit/providers/Microsoft.Network/networkInterfaces/NFSNic"
            ],
            "os_disk": [
              {
                "caching": "ReadWrite",
                "diff_disk_settings": [],
                "disk_encryption_set_id": "",
                "disk_size_gb": 30,
                "name": "NFSDisk",
                "storage_account_type": "Premium_LRS",
                "write_accelerator_enabled": false
              }
            ],
            "patch_mode": "ImageDefault",
            "plan": [
              {
                "name": "centos-8-stream-free",
                "product": "centos-8-stream-free",
                "publisher": "cognosys"
              }
            ],
            "platform_fault_domain": -1,
            "priority": "Regular",
            "private_ip_address": "10.0.1.103",
            "private_ip_addresses": [
              "10.0.1.103"
            ],
            "provision_vm_agent": true,
            "proximity_placement_group_id": "",
            "public_ip_address": "20.77.89.231",
            "public_ip_addresses": [
              "20.77.89.231"
            ],
            "resource_group_name": "rg-comic-hermit",
            "secret": [],
            "secure_boot_enabled": false,
            "size": "Standard_DS2_v2",
            "source_image_id": "",
            "source_image_reference": [
              {
                "offer": "centos-8-stream-free",
                "publisher": "cognosys",
                "sku": "centos-8-stream-free",
                "version": "22.03.28"
              }
            ],
            "tags": null,
            "timeouts": null,
            "user_data": "",
            "virtual_machine_id": "f2d8acd6-4dad-4836-a7fe-36d1fdcc7625",
            "virtual_machine_scale_set_id": "",
            "vtpm_enabled": false,
            "zone": ""
          },
          "sensitive_attributes": [],
          "private": "eyJlMmJmYjczMC1lY2FhLTExZTYtOGY4OC0zNDM2M2JjN2M0YzAiOnsiY3JlYXRlIjoyNzAwMDAwMDAwMDAwLCJkZWxldGUiOjI3MDAwMDAwMDAwMDAsInJlYWQiOjMwMDAwMDAwMDAwMCwidXBkYXRlIjoyNzAwMDAwMDAwMDAwfX0=",
          "dependencies": [
            "azurerm_network_interface.NFSNic",
            "azurerm_public_ip.NFSpublicip",
            "azurerm_resource_group.rg",
            "azurerm_storage_account.mystorageaccount",
            "azurerm_subnet.myterraformsubnet"
          ]
        }
      ]
    },
    {
      "mode": "managed",
      "type": "azurerm_linux_virtual_machine",
      "name": "masterKubernetes",
      "provider": "provider[\"registry.terraform.io/hashicorp/azurerm\"]",
      "instances": [
        {
          "schema_version": 0,
          "attributes": {
            "additional_capabilities": [],
            "admin_password": null,
            "admin_ssh_key": [
              {
                "public_key": "ssh-rsa AAAAB3NzaC1yc2EAAAADAQABAAABgQCzJ4cZaZmjq22/+YlUn8MIODIx0p8oQwHI7ZSI/7bYKcPVB+CPYqkN348YAAm1PqiJ0KuuPxrlsHnBOkcJTjKIedKnsjNuho5xTx76j0aXx6S9ZBPPK2y93a8Bj13LhZKoi+G8AuzINOBeqX+BIT/Jjr6iURpOTTXpPbFliJdzDKrQdLhkl6ymXbA87QU4nVQB+QZbullCLbiApephO798oLktbWumSwQP4z6J1HeFQEql32TwVpPAtTRGgjoPHg9c3FvChnf6Bo2aaqjCr0Yl5xNkIztdf8I22WTyYwdp0s8aNtXaZcM5yKXexF9xT+D5eOffrMkb6lCUwXVCQuUb1uH+KHtP2jOT0qMpHmM6KOZcjAJIBHQSk9wZiSXhT/ObR+hTpxbEPs6OZ77F9JcaB0ql3ovG+6FiT4dgwMBsamY1ibqewvH6NdSPX5cfTR6dXhhtfiJbjDQ1ByXvp7lH7xyFjR4Mfx2KB4UhJ6PeOeYInLg1rTQN+SFND1A1pRU= jaumegarriga@localhost\n",
                "username": "azureuser"
              }
            ],
            "admin_username": "azureuser",
            "allow_extension_operations": true,
            "availability_set_id": "",
            "boot_diagnostics": [
              {
                "storage_account_uri": "https://diage618459f0cc4bcb8.blob.core.windows.net/"
              }
            ],
            "computer_name": "master.example.com",
            "custom_data": null,
            "dedicated_host_group_id": "",
            "dedicated_host_id": "",
            "disable_password_authentication": true,
            "encryption_at_host_enabled": false,
            "eviction_policy": "",
            "extensions_time_budget": "PT1H30M",
            "id": "/subscriptions/09923029-280b-4233-8198-9ae8dd925f46/resourceGroups/rg-comic-hermit/providers/Microsoft.Compute/virtualMachines/master.example.com",
            "identity": [],
            "license_type": "",
            "location": "uksouth",
            "max_bid_price": -1,
            "name": "master.example.com",
            "network_interface_ids": [
              "/subscriptions/09923029-280b-4233-8198-9ae8dd925f46/resourceGroups/rg-comic-hermit/providers/Microsoft.Network/networkInterfaces/masterNic"
            ],
            "os_disk": [
              {
                "caching": "ReadWrite",
                "diff_disk_settings": [],
                "disk_encryption_set_id": "",
                "disk_size_gb": 30,
                "name": "masterDisk",
                "storage_account_type": "Premium_LRS",
                "write_accelerator_enabled": false
              }
            ],
            "patch_mode": "ImageDefault",
            "plan": [
              {
                "name": "centos-8-stream-free",
                "product": "centos-8-stream-free",
                "publisher": "cognosys"
              }
            ],
            "platform_fault_domain": -1,
            "priority": "Regular",
            "private_ip_address": "10.0.1.101",
            "private_ip_addresses": [
              "10.0.1.101"
            ],
            "provision_vm_agent": true,
            "proximity_placement_group_id": "",
            "public_ip_address": "20.77.89.116",
            "public_ip_addresses": [
              "20.77.89.116"
            ],
            "resource_group_name": "rg-comic-hermit",
            "secret": [],
            "secure_boot_enabled": false,
            "size": "Standard_DS2_v2",
            "source_image_id": "",
            "source_image_reference": [
              {
                "offer": "centos-8-stream-free",
                "publisher": "cognosys",
                "sku": "centos-8-stream-free",
                "version": "22.03.28"
              }
            ],
            "tags": null,
            "timeouts": null,
            "user_data": "",
            "virtual_machine_id": "c398213d-dc2c-4459-aba5-bbac5d952f36",
            "virtual_machine_scale_set_id": "",
            "vtpm_enabled": false,
            "zone": ""
          },
          "sensitive_attributes": [],
          "private": "eyJlMmJmYjczMC1lY2FhLTExZTYtOGY4OC0zNDM2M2JjN2M0YzAiOnsiY3JlYXRlIjoyNzAwMDAwMDAwMDAwLCJkZWxldGUiOjI3MDAwMDAwMDAwMDAsInJlYWQiOjMwMDAwMDAwMDAwMCwidXBkYXRlIjoyNzAwMDAwMDAwMDAwfX0=",
          "dependencies": [
            "azurerm_network_interface.masterNic",
            "azurerm_public_ip.masterpublicip",
            "azurerm_resource_group.rg",
            "azurerm_storage_account.mystorageaccount",
            "azurerm_subnet.myterraformsubnet"
          ]
        }
      ]
    },
    {
      "mode": "managed",
      "type": "azurerm_linux_virtual_machine",
      "name": "workerKubernetes",
      "provider": "provider[\"registry.terraform.io/hashicorp/azurerm\"]",
      "instances": [
        {
          "schema_version": 0,
          "attributes": {
            "additional_capabilities": [],
            "admin_password": null,
            "admin_ssh_key": [
              {
                "public_key": "ssh-rsa AAAAB3NzaC1yc2EAAAADAQABAAABgQCzJ4cZaZmjq22/+YlUn8MIODIx0p8oQwHI7ZSI/7bYKcPVB+CPYqkN348YAAm1PqiJ0KuuPxrlsHnBOkcJTjKIedKnsjNuho5xTx76j0aXx6S9ZBPPK2y93a8Bj13LhZKoi+G8AuzINOBeqX+BIT/Jjr6iURpOTTXpPbFliJdzDKrQdLhkl6ymXbA87QU4nVQB+QZbullCLbiApephO798oLktbWumSwQP4z6J1HeFQEql32TwVpPAtTRGgjoPHg9c3FvChnf6Bo2aaqjCr0Yl5xNkIztdf8I22WTyYwdp0s8aNtXaZcM5yKXexF9xT+D5eOffrMkb6lCUwXVCQuUb1uH+KHtP2jOT0qMpHmM6KOZcjAJIBHQSk9wZiSXhT/ObR+hTpxbEPs6OZ77F9JcaB0ql3ovG+6FiT4dgwMBsamY1ibqewvH6NdSPX5cfTR6dXhhtfiJbjDQ1ByXvp7lH7xyFjR4Mfx2KB4UhJ6PeOeYInLg1rTQN+SFND1A1pRU= jaumegarriga@localhost\n",
                "username": "azureuser"
              }
            ],
            "admin_username": "azureuser",
            "allow_extension_operations": true,
            "availability_set_id": "",
            "boot_diagnostics": [
              {
                "storage_account_uri": "https://diage618459f0cc4bcb8.blob.core.windows.net/"
              }
            ],
            "computer_name": "worker.example.com",
            "custom_data": null,
            "dedicated_host_group_id": "",
            "dedicated_host_id": "",
            "disable_password_authentication": true,
            "encryption_at_host_enabled": false,
            "eviction_policy": "",
            "extensions_time_budget": "PT1H30M",
            "id": "/subscriptions/09923029-280b-4233-8198-9ae8dd925f46/resourceGroups/rg-comic-hermit/providers/Microsoft.Compute/virtualMachines/worker.example.com",
            "identity": [],
            "license_type": "",
            "location": "uksouth",
            "max_bid_price": -1,
            "name": "worker.example.com",
            "network_interface_ids": [
              "/subscriptions/09923029-280b-4233-8198-9ae8dd925f46/resourceGroups/rg-comic-hermit/providers/Microsoft.Network/networkInterfaces/workerNic"
            ],
            "os_disk": [
              {
                "caching": "ReadWrite",
                "diff_disk_settings": [],
                "disk_encryption_set_id": "",
                "disk_size_gb": 30,
                "name": "workerDisk",
                "storage_account_type": "Standard_LRS",
                "write_accelerator_enabled": false
              }
            ],
            "patch_mode": "ImageDefault",
            "plan": [
              {
                "name": "centos-8-stream-free",
                "product": "centos-8-stream-free",
                "publisher": "cognosys"
              }
            ],
            "platform_fault_domain": -1,
            "priority": "Regular",
            "private_ip_address": "10.0.1.102",
            "private_ip_addresses": [
              "10.0.1.102"
            ],
            "provision_vm_agent": true,
            "proximity_placement_group_id": "",
            "public_ip_address": "20.77.89.100",
            "public_ip_addresses": [
              "20.77.89.100"
            ],
            "resource_group_name": "rg-comic-hermit",
            "secret": [],
            "secure_boot_enabled": false,
            "size": "Standard_F2",
            "source_image_id": "",
            "source_image_reference": [
              {
                "offer": "centos-8-stream-free",
                "publisher": "cognosys",
                "sku": "centos-8-stream-free",
                "version": "22.03.28"
              }
            ],
            "tags": null,
            "timeouts": null,
            "user_data": "",
            "virtual_machine_id": "e862aea5-0594-410e-8d69-481711c5a113",
            "virtual_machine_scale_set_id": "",
            "vtpm_enabled": false,
            "zone": ""
          },
          "sensitive_attributes": [],
          "private": "eyJlMmJmYjczMC1lY2FhLTExZTYtOGY4OC0zNDM2M2JjN2M0YzAiOnsiY3JlYXRlIjoyNzAwMDAwMDAwMDAwLCJkZWxldGUiOjI3MDAwMDAwMDAwMDAsInJlYWQiOjMwMDAwMDAwMDAwMCwidXBkYXRlIjoyNzAwMDAwMDAwMDAwfX0=",
          "dependencies": [
            "azurerm_network_interface.workerNic",
            "azurerm_public_ip.workerpublicip",
            "azurerm_resource_group.rg",
            "azurerm_storage_account.mystorageaccount",
            "azurerm_subnet.myterraformsubnet"
          ]
        }
      ]
    },
    {
      "mode": "managed",
      "type": "azurerm_network_interface",
      "name": "NFSNic",
      "provider": "provider[\"registry.terraform.io/hashicorp/azurerm\"]",
      "instances": [
        {
          "schema_version": 0,
          "attributes": {
            "applied_dns_servers": [],
            "dns_servers": [],
            "enable_accelerated_networking": false,
            "enable_ip_forwarding": false,
            "id": "/subscriptions/09923029-280b-4233-8198-9ae8dd925f46/resourceGroups/rg-comic-hermit/providers/Microsoft.Network/networkInterfaces/NFSNic",
            "internal_dns_name_label": "",
            "internal_domain_name_suffix": "1sh1tsimarhuvnb3t5f3gdytfh.zx.internal.cloudapp.net",
            "ip_configuration": [
              {
                "gateway_load_balancer_frontend_ip_configuration_id": "",
                "name": "NFSNicConfiguration",
                "primary": true,
                "private_ip_address": "10.0.1.103",
                "private_ip_address_allocation": "Static",
                "private_ip_address_version": "IPv4",
                "public_ip_address_id": "/subscriptions/09923029-280b-4233-8198-9ae8dd925f46/resourceGroups/rg-comic-hermit/providers/Microsoft.Network/publicIPAddresses/NFSpublicip",
                "subnet_id": "/subscriptions/09923029-280b-4233-8198-9ae8dd925f46/resourceGroups/rg-comic-hermit/providers/Microsoft.Network/virtualNetworks/myVnet/subnets/mySubnet"
              }
            ],
            "location": "uksouth",
            "mac_address": "",
            "name": "NFSNic",
            "private_ip_address": "10.0.1.103",
            "private_ip_addresses": [
              "10.0.1.103"
            ],
            "resource_group_name": "rg-comic-hermit",
            "tags": null,
            "timeouts": null,
            "virtual_machine_id": ""
          },
          "sensitive_attributes": [],
          "private": "eyJlMmJmYjczMC1lY2FhLTExZTYtOGY4OC0zNDM2M2JjN2M0YzAiOnsiY3JlYXRlIjoxODAwMDAwMDAwMDAwLCJkZWxldGUiOjE4MDAwMDAwMDAwMDAsInJlYWQiOjMwMDAwMDAwMDAwMCwidXBkYXRlIjoxODAwMDAwMDAwMDAwfX0=",
          "dependencies": [
            "azurerm_public_ip.NFSpublicip",
            "azurerm_resource_group.rg",
            "azurerm_subnet.myterraformsubnet"
          ]
        }
      ]
    },
    {
      "mode": "managed",
      "type": "azurerm_network_interface",
      "name": "masterNic",
      "provider": "provider[\"registry.terraform.io/hashicorp/azurerm\"]",
      "instances": [
        {
          "schema_version": 0,
          "attributes": {
            "applied_dns_servers": [],
            "dns_servers": [],
            "enable_accelerated_networking": false,
            "enable_ip_forwarding": false,
            "id": "/subscriptions/09923029-280b-4233-8198-9ae8dd925f46/resourceGroups/rg-comic-hermit/providers/Microsoft.Network/networkInterfaces/masterNic",
            "internal_dns_name_label": "",
            "internal_domain_name_suffix": "1sh1tsimarhuvnb3t5f3gdytfh.zx.internal.cloudapp.net",
            "ip_configuration": [
              {
                "gateway_load_balancer_frontend_ip_configuration_id": "",
                "name": "masterNicConfiguration",
                "primary": true,
                "private_ip_address": "10.0.1.101",
                "private_ip_address_allocation": "Static",
                "private_ip_address_version": "IPv4",
                "public_ip_address_id": "/subscriptions/09923029-280b-4233-8198-9ae8dd925f46/resourceGroups/rg-comic-hermit/providers/Microsoft.Network/publicIPAddresses/masterpublicip",
                "subnet_id": "/subscriptions/09923029-280b-4233-8198-9ae8dd925f46/resourceGroups/rg-comic-hermit/providers/Microsoft.Network/virtualNetworks/myVnet/subnets/mySubnet"
              }
            ],
            "location": "uksouth",
            "mac_address": "",
            "name": "masterNic",
            "private_ip_address": "10.0.1.101",
            "private_ip_addresses": [
              "10.0.1.101"
            ],
            "resource_group_name": "rg-comic-hermit",
            "tags": null,
            "timeouts": null,
            "virtual_machine_id": ""
          },
          "sensitive_attributes": [],
          "private": "eyJlMmJmYjczMC1lY2FhLTExZTYtOGY4OC0zNDM2M2JjN2M0YzAiOnsiY3JlYXRlIjoxODAwMDAwMDAwMDAwLCJkZWxldGUiOjE4MDAwMDAwMDAwMDAsInJlYWQiOjMwMDAwMDAwMDAwMCwidXBkYXRlIjoxODAwMDAwMDAwMDAwfX0=",
          "dependencies": [
            "azurerm_public_ip.masterpublicip",
            "azurerm_resource_group.rg",
            "azurerm_subnet.myterraformsubnet"
          ]
        }
      ]
    },
    {
      "mode": "managed",
      "type": "azurerm_network_interface",
      "name": "workerNic",
      "provider": "provider[\"registry.terraform.io/hashicorp/azurerm\"]",
      "instances": [
        {
          "schema_version": 0,
          "attributes": {
            "applied_dns_servers": [],
            "dns_servers": [],
            "enable_accelerated_networking": false,
            "enable_ip_forwarding": false,
            "id": "/subscriptions/09923029-280b-4233-8198-9ae8dd925f46/resourceGroups/rg-comic-hermit/providers/Microsoft.Network/networkInterfaces/workerNic",
            "internal_dns_name_label": "",
            "internal_domain_name_suffix": "1sh1tsimarhuvnb3t5f3gdytfh.zx.internal.cloudapp.net",
            "ip_configuration": [
              {
                "gateway_load_balancer_frontend_ip_configuration_id": "",
                "name": "workerNicConfiguration",
                "primary": true,
                "private_ip_address": "10.0.1.102",
                "private_ip_address_allocation": "Static",
                "private_ip_address_version": "IPv4",
                "public_ip_address_id": "/subscriptions/09923029-280b-4233-8198-9ae8dd925f46/resourceGroups/rg-comic-hermit/providers/Microsoft.Network/publicIPAddresses/workerpublicip",
                "subnet_id": "/subscriptions/09923029-280b-4233-8198-9ae8dd925f46/resourceGroups/rg-comic-hermit/providers/Microsoft.Network/virtualNetworks/myVnet/subnets/mySubnet"
              }
            ],
            "location": "uksouth",
            "mac_address": "",
            "name": "workerNic",
            "private_ip_address": "10.0.1.102",
            "private_ip_addresses": [
              "10.0.1.102"
            ],
            "resource_group_name": "rg-comic-hermit",
            "tags": null,
            "timeouts": null,
            "virtual_machine_id": ""
          },
          "sensitive_attributes": [],
          "private": "eyJlMmJmYjczMC1lY2FhLTExZTYtOGY4OC0zNDM2M2JjN2M0YzAiOnsiY3JlYXRlIjoxODAwMDAwMDAwMDAwLCJkZWxldGUiOjE4MDAwMDAwMDAwMDAsInJlYWQiOjMwMDAwMDAwMDAwMCwidXBkYXRlIjoxODAwMDAwMDAwMDAwfX0=",
          "dependencies": [
            "azurerm_public_ip.workerpublicip",
            "azurerm_resource_group.rg",
            "azurerm_subnet.myterraformsubnet"
          ]
        }
      ]
    },
    {
      "mode": "managed",
      "type": "azurerm_network_interface_security_group_association",
      "name": "NFSNSGassociation",
      "provider": "provider[\"registry.terraform.io/hashicorp/azurerm\"]",
      "instances": [
        {
          "schema_version": 0,
          "attributes": {
            "id": "/subscriptions/09923029-280b-4233-8198-9ae8dd925f46/resourceGroups/rg-comic-hermit/providers/Microsoft.Network/networkInterfaces/NFSNic|/subscriptions/09923029-280b-4233-8198-9ae8dd925f46/resourceGroups/rg-comic-hermit/providers/Microsoft.Network/networkSecurityGroups/myNetworkSecurityGroup",
            "network_interface_id": "/subscriptions/09923029-280b-4233-8198-9ae8dd925f46/resourceGroups/rg-comic-hermit/providers/Microsoft.Network/networkInterfaces/NFSNic",
            "network_security_group_id": "/subscriptions/09923029-280b-4233-8198-9ae8dd925f46/resourceGroups/rg-comic-hermit/providers/Microsoft.Network/networkSecurityGroups/myNetworkSecurityGroup",
            "timeouts": null
          },
          "sensitive_attributes": [],
          "private": "eyJlMmJmYjczMC1lY2FhLTExZTYtOGY4OC0zNDM2M2JjN2M0YzAiOnsiY3JlYXRlIjoxODAwMDAwMDAwMDAwLCJkZWxldGUiOjE4MDAwMDAwMDAwMDAsInJlYWQiOjMwMDAwMDAwMDAwMCwidXBkYXRlIjoxODAwMDAwMDAwMDAwfX0=",
          "dependencies": [
            "azurerm_network_interface.NFSNic",
            "azurerm_network_security_group.myterraformnsg",
            "azurerm_public_ip.NFSpublicip",
            "azurerm_resource_group.rg",
            "azurerm_subnet.myterraformsubnet"
          ]
        }
      ]
    },
    {
      "mode": "managed",
      "type": "azurerm_network_interface_security_group_association",
      "name": "masterNSGassociation",
      "provider": "provider[\"registry.terraform.io/hashicorp/azurerm\"]",
      "instances": [
        {
          "schema_version": 0,
          "attributes": {
            "id": "/subscriptions/09923029-280b-4233-8198-9ae8dd925f46/resourceGroups/rg-comic-hermit/providers/Microsoft.Network/networkInterfaces/masterNic|/subscriptions/09923029-280b-4233-8198-9ae8dd925f46/resourceGroups/rg-comic-hermit/providers/Microsoft.Network/networkSecurityGroups/myNetworkSecurityGroup",
            "network_interface_id": "/subscriptions/09923029-280b-4233-8198-9ae8dd925f46/resourceGroups/rg-comic-hermit/providers/Microsoft.Network/networkInterfaces/masterNic",
            "network_security_group_id": "/subscriptions/09923029-280b-4233-8198-9ae8dd925f46/resourceGroups/rg-comic-hermit/providers/Microsoft.Network/networkSecurityGroups/myNetworkSecurityGroup",
            "timeouts": null
          },
          "sensitive_attributes": [],
          "private": "eyJlMmJmYjczMC1lY2FhLTExZTYtOGY4OC0zNDM2M2JjN2M0YzAiOnsiY3JlYXRlIjoxODAwMDAwMDAwMDAwLCJkZWxldGUiOjE4MDAwMDAwMDAwMDAsInJlYWQiOjMwMDAwMDAwMDAwMCwidXBkYXRlIjoxODAwMDAwMDAwMDAwfX0=",
          "dependencies": [
            "azurerm_network_interface.masterNic",
            "azurerm_network_security_group.myterraformnsg",
            "azurerm_public_ip.masterpublicip",
            "azurerm_resource_group.rg",
            "azurerm_subnet.myterraformsubnet"
          ]
        }
      ]
    },
    {
      "mode": "managed",
      "type": "azurerm_network_interface_security_group_association",
      "name": "workerNSGassociation",
      "provider": "provider[\"registry.terraform.io/hashicorp/azurerm\"]",
      "instances": [
        {
          "schema_version": 0,
          "attributes": {
            "id": "/subscriptions/09923029-280b-4233-8198-9ae8dd925f46/resourceGroups/rg-comic-hermit/providers/Microsoft.Network/networkInterfaces/workerNic|/subscriptions/09923029-280b-4233-8198-9ae8dd925f46/resourceGroups/rg-comic-hermit/providers/Microsoft.Network/networkSecurityGroups/myNetworkSecurityGroup",
            "network_interface_id": "/subscriptions/09923029-280b-4233-8198-9ae8dd925f46/resourceGroups/rg-comic-hermit/providers/Microsoft.Network/networkInterfaces/workerNic",
            "network_security_group_id": "/subscriptions/09923029-280b-4233-8198-9ae8dd925f46/resourceGroups/rg-comic-hermit/providers/Microsoft.Network/networkSecurityGroups/myNetworkSecurityGroup",
            "timeouts": null
          },
          "sensitive_attributes": [],
          "private": "eyJlMmJmYjczMC1lY2FhLTExZTYtOGY4OC0zNDM2M2JjN2M0YzAiOnsiY3JlYXRlIjoxODAwMDAwMDAwMDAwLCJkZWxldGUiOjE4MDAwMDAwMDAwMDAsInJlYWQiOjMwMDAwMDAwMDAwMCwidXBkYXRlIjoxODAwMDAwMDAwMDAwfX0=",
          "dependencies": [
            "azurerm_network_interface.workerNic",
            "azurerm_network_security_group.myterraformnsg",
            "azurerm_public_ip.workerpublicip",
            "azurerm_resource_group.rg",
            "azurerm_subnet.myterraformsubnet"
          ]
        }
      ]
    },
    {
      "mode": "managed",
      "type": "azurerm_network_security_group",
      "name": "myterraformnsg",
      "provider": "provider[\"registry.terraform.io/hashicorp/azurerm\"]",
      "instances": [
        {
          "schema_version": 0,
          "attributes": {
            "id": "/subscriptions/09923029-280b-4233-8198-9ae8dd925f46/resourceGroups/rg-comic-hermit/providers/Microsoft.Network/networkSecurityGroups/myNetworkSecurityGroup",
            "location": "uksouth",
            "name": "myNetworkSecurityGroup",
            "resource_group_name": "rg-comic-hermit",
            "security_rule": [
              {
                "access": "Allow",
                "description": "",
                "destination_address_prefix": "*",
                "destination_address_prefixes": [],
                "destination_application_security_group_ids": [],
                "destination_port_range": "22",
                "destination_port_ranges": [],
                "direction": "Inbound",
                "name": "SSH",
                "priority": 1001,
                "protocol": "Tcp",
                "source_address_prefix": "*",
                "source_address_prefixes": [],
                "source_application_security_group_ids": [],
                "source_port_range": "*",
                "source_port_ranges": []
              }
            ],
            "tags": {},
            "timeouts": null
          },
          "sensitive_attributes": [],
          "private": "eyJlMmJmYjczMC1lY2FhLTExZTYtOGY4OC0zNDM2M2JjN2M0YzAiOnsiY3JlYXRlIjoxODAwMDAwMDAwMDAwLCJkZWxldGUiOjE4MDAwMDAwMDAwMDAsInJlYWQiOjMwMDAwMDAwMDAwMCwidXBkYXRlIjoxODAwMDAwMDAwMDAwfX0=",
          "dependencies": [
            "azurerm_resource_group.rg",
            "random_pet.rg-name"
          ]
        }
      ]
    },
    {
      "mode": "managed",
      "type": "azurerm_public_ip",
      "name": "NFSpublicip",
      "provider": "provider[\"registry.terraform.io/hashicorp/azurerm\"]",
      "instances": [
        {
          "schema_version": 0,
          "attributes": {
            "allocation_method": "Dynamic",
            "availability_zone": "No-Zone",
            "domain_name_label": null,
            "fqdn": null,
            "id": "/subscriptions/09923029-280b-4233-8198-9ae8dd925f46/resourceGroups/rg-comic-hermit/providers/Microsoft.Network/publicIPAddresses/NFSpublicip",
            "idle_timeout_in_minutes": 4,
            "ip_address": "",
            "ip_tags": {},
            "ip_version": "IPv4",
            "location": "uksouth",
            "name": "NFSpublicip",
            "public_ip_prefix_id": null,
            "resource_group_name": "rg-comic-hermit",
            "reverse_fqdn": null,
            "sku": "Basic",
            "sku_tier": "Regional",
            "tags": {},
            "timeouts": null,
            "zones": []
          },
          "sensitive_attributes": [],
          "private": "eyJlMmJmYjczMC1lY2FhLTExZTYtOGY4OC0zNDM2M2JjN2M0YzAiOnsiY3JlYXRlIjoxODAwMDAwMDAwMDAwLCJkZWxldGUiOjE4MDAwMDAwMDAwMDAsInJlYWQiOjMwMDAwMDAwMDAwMCwidXBkYXRlIjoxODAwMDAwMDAwMDAwfX0=",
          "dependencies": [
            "azurerm_resource_group.rg",
            "random_pet.rg-name"
          ]
        }
      ]
    },
    {
      "mode": "managed",
      "type": "azurerm_public_ip",
      "name": "masterpublicip",
      "provider": "provider[\"registry.terraform.io/hashicorp/azurerm\"]",
      "instances": [
        {
          "schema_version": 0,
          "attributes": {
            "allocation_method": "Dynamic",
            "availability_zone": "No-Zone",
            "domain_name_label": null,
            "fqdn": null,
            "id": "/subscriptions/09923029-280b-4233-8198-9ae8dd925f46/resourceGroups/rg-comic-hermit/providers/Microsoft.Network/publicIPAddresses/masterpublicip",
            "idle_timeout_in_minutes": 4,
            "ip_address": "",
            "ip_tags": {},
            "ip_version": "IPv4",
            "location": "uksouth",
            "name": "masterpublicip",
            "public_ip_prefix_id": null,
            "resource_group_name": "rg-comic-hermit",
            "reverse_fqdn": null,
            "sku": "Basic",
            "sku_tier": "Regional",
            "tags": {},
            "timeouts": null,
            "zones": []
          },
          "sensitive_attributes": [],
          "private": "eyJlMmJmYjczMC1lY2FhLTExZTYtOGY4OC0zNDM2M2JjN2M0YzAiOnsiY3JlYXRlIjoxODAwMDAwMDAwMDAwLCJkZWxldGUiOjE4MDAwMDAwMDAwMDAsInJlYWQiOjMwMDAwMDAwMDAwMCwidXBkYXRlIjoxODAwMDAwMDAwMDAwfX0=",
          "dependencies": [
            "azurerm_resource_group.rg",
            "random_pet.rg-name"
          ]
        }
      ]
    },
    {
      "mode": "managed",
      "type": "azurerm_public_ip",
      "name": "workerpublicip",
      "provider": "provider[\"registry.terraform.io/hashicorp/azurerm\"]",
      "instances": [
        {
          "schema_version": 0,
          "attributes": {
            "allocation_method": "Dynamic",
            "availability_zone": "No-Zone",
            "domain_name_label": null,
            "fqdn": null,
            "id": "/subscriptions/09923029-280b-4233-8198-9ae8dd925f46/resourceGroups/rg-comic-hermit/providers/Microsoft.Network/publicIPAddresses/workerpublicip",
            "idle_timeout_in_minutes": 4,
            "ip_address": "",
            "ip_tags": {},
            "ip_version": "IPv4",
            "location": "uksouth",
            "name": "workerpublicip",
            "public_ip_prefix_id": null,
            "resource_group_name": "rg-comic-hermit",
            "reverse_fqdn": null,
            "sku": "Basic",
            "sku_tier": "Regional",
            "tags": {},
            "timeouts": null,
            "zones": []
          },
          "sensitive_attributes": [],
          "private": "eyJlMmJmYjczMC1lY2FhLTExZTYtOGY4OC0zNDM2M2JjN2M0YzAiOnsiY3JlYXRlIjoxODAwMDAwMDAwMDAwLCJkZWxldGUiOjE4MDAwMDAwMDAwMDAsInJlYWQiOjMwMDAwMDAwMDAwMCwidXBkYXRlIjoxODAwMDAwMDAwMDAwfX0=",
          "dependencies": [
            "azurerm_resource_group.rg",
            "random_pet.rg-name"
          ]
        }
      ]
    },
    {
      "mode": "managed",
      "type": "azurerm_resource_group",
      "name": "rg",
      "provider": "provider[\"registry.terraform.io/hashicorp/azurerm\"]",
      "instances": [
        {
          "schema_version": 0,
          "attributes": {
            "id": "/subscriptions/09923029-280b-4233-8198-9ae8dd925f46/resourceGroups/rg-comic-hermit",
            "location": "uksouth",
            "name": "rg-comic-hermit",
            "tags": {},
            "timeouts": null
          },
          "sensitive_attributes": [],
          "private": "eyJlMmJmYjczMC1lY2FhLTExZTYtOGY4OC0zNDM2M2JjN2M0YzAiOnsiY3JlYXRlIjo1NDAwMDAwMDAwMDAwLCJkZWxldGUiOjU0MDAwMDAwMDAwMDAsInJlYWQiOjMwMDAwMDAwMDAwMCwidXBkYXRlIjo1NDAwMDAwMDAwMDAwfX0=",
          "dependencies": [
            "random_pet.rg-name"
          ]
        }
      ]
    },
    {
      "mode": "managed",
      "type": "azurerm_resource_group",
      "name": "tfstate",
      "provider": "provider[\"registry.terraform.io/hashicorp/azurerm\"]",
      "instances": [
        {
          "schema_version": 0,
          "attributes": {
            "id": "/subscriptions/09923029-280b-4233-8198-9ae8dd925f46/resourceGroups/tfstate",
            "location": "uksouth",
            "name": "tfstate",
            "tags": {},
            "timeouts": null
          },
          "sensitive_attributes": [],
          "private": "eyJlMmJmYjczMC1lY2FhLTExZTYtOGY4OC0zNDM2M2JjN2M0YzAiOnsiY3JlYXRlIjo1NDAwMDAwMDAwMDAwLCJkZWxldGUiOjU0MDAwMDAwMDAwMDAsInJlYWQiOjMwMDAwMDAwMDAwMCwidXBkYXRlIjo1NDAwMDAwMDAwMDAwfX0=",
          "dependencies": [
            "azurerm_resource_group.rg",
            "random_pet.rg-name"
          ]
        }
      ]
    },
    {
      "mode": "managed",
      "type": "azurerm_storage_account",
      "name": "mystorageaccount",
      "provider": "provider[\"registry.terraform.io/hashicorp/azurerm\"]",
      "instances": [
        {
          "schema_version": 2,
          "attributes": {
            "access_tier": "Hot",
            "account_kind": "StorageV2",
            "account_replication_type": "LRS",
            "account_tier": "Standard",
            "allow_blob_public_access": false,
            "azure_files_authentication": [],
            "blob_properties": [
              {
                "change_feed_enabled": false,
                "container_delete_retention_policy": [],
                "cors_rule": [],
                "default_service_version": "",
                "delete_retention_policy": [],
                "last_access_time_enabled": false,
                "versioning_enabled": false
              }
            ],
            "custom_domain": [],
            "customer_managed_key": [],
            "enable_https_traffic_only": true,
            "id": "/subscriptions/09923029-280b-4233-8198-9ae8dd925f46/resourceGroups/rg-comic-hermit/providers/Microsoft.Storage/storageAccounts/diage618459f0cc4bcb8",
            "identity": [],
            "infrastructure_encryption_enabled": false,
            "is_hns_enabled": false,
            "large_file_share_enabled": null,
            "location": "uksouth",
            "min_tls_version": "TLS1_0",
            "name": "diage618459f0cc4bcb8",
            "network_rules": [
              {
                "bypass": [
                  "AzureServices"
                ],
                "default_action": "Allow",
                "ip_rules": [],
                "private_link_access": [],
                "virtual_network_subnet_ids": []
              }
            ],
            "nfsv3_enabled": false,
            "primary_access_key": "yO//o6SOMz7B5dZ7Z75YRriBzpacX9EMCZ7EtsjxBpYYNuPIQMLH37QPh6iFzTRxXdrzCbMNk3NJ+AStXWHQBw==",
            "primary_blob_connection_string": "DefaultEndpointsProtocol=https;BlobEndpoint=https://diage618459f0cc4bcb8.blob.core.windows.net/;AccountName=diage618459f0cc4bcb8;AccountKey=yO//o6SOMz7B5dZ7Z75YRriBzpacX9EMCZ7EtsjxBpYYNuPIQMLH37QPh6iFzTRxXdrzCbMNk3NJ+AStXWHQBw==",
            "primary_blob_endpoint": "https://diage618459f0cc4bcb8.blob.core.windows.net/",
            "primary_blob_host": "diage618459f0cc4bcb8.blob.core.windows.net",
            "primary_connection_string": "DefaultEndpointsProtocol=https;AccountName=diage618459f0cc4bcb8;AccountKey=yO//o6SOMz7B5dZ7Z75YRriBzpacX9EMCZ7EtsjxBpYYNuPIQMLH37QPh6iFzTRxXdrzCbMNk3NJ+AStXWHQBw==;EndpointSuffix=core.windows.net",
            "primary_dfs_endpoint": "https://diage618459f0cc4bcb8.dfs.core.windows.net/",
            "primary_dfs_host": "diage618459f0cc4bcb8.dfs.core.windows.net",
            "primary_file_endpoint": "https://diage618459f0cc4bcb8.file.core.windows.net/",
            "primary_file_host": "diage618459f0cc4bcb8.file.core.windows.net",
            "primary_location": "uksouth",
            "primary_queue_endpoint": "https://diage618459f0cc4bcb8.queue.core.windows.net/",
            "primary_queue_host": "diage618459f0cc4bcb8.queue.core.windows.net",
            "primary_table_endpoint": "https://diage618459f0cc4bcb8.table.core.windows.net/",
            "primary_table_host": "diage618459f0cc4bcb8.table.core.windows.net",
            "primary_web_endpoint": "https://diage618459f0cc4bcb8.z33.web.core.windows.net/",
            "primary_web_host": "diage618459f0cc4bcb8.z33.web.core.windows.net",
            "queue_encryption_key_type": "Service",
            "queue_properties": [
              {
                "cors_rule": [],
                "hour_metrics": [
                  {
                    "enabled": true,
                    "include_apis": true,
                    "retention_policy_days": 7,
                    "version": "1.0"
                  }
                ],
                "logging": [
                  {
                    "delete": false,
                    "read": false,
                    "retention_policy_days": 0,
                    "version": "1.0",
                    "write": false
                  }
                ],
                "minute_metrics": [
                  {
                    "enabled": false,
                    "include_apis": false,
                    "retention_policy_days": 0,
                    "version": "1.0"
                  }
                ]
              }
            ],
            "resource_group_name": "rg-comic-hermit",
            "routing": [],
            "secondary_access_key": "wa/KI123aY/fQPb34REyGG7gq2rHDtU7iN8HsUKBo5/Vmh4YLb7TJcav7qKFNeLeJcQHgSIa9Yws+AStR2XVVw==",
            "secondary_blob_connection_string": "",
            "secondary_blob_endpoint": null,
            "secondary_blob_host": null,
            "secondary_connection_string": "DefaultEndpointsProtocol=https;AccountName=diage618459f0cc4bcb8;AccountKey=wa/KI123aY/fQPb34REyGG7gq2rHDtU7iN8HsUKBo5/Vmh4YLb7TJcav7qKFNeLeJcQHgSIa9Yws+AStR2XVVw==;EndpointSuffix=core.windows.net",
            "secondary_dfs_endpoint": null,
            "secondary_dfs_host": null,
            "secondary_file_endpoint": null,
            "secondary_file_host": null,
            "secondary_location": "",
            "secondary_queue_endpoint": null,
            "secondary_queue_host": null,
            "secondary_table_endpoint": null,
            "secondary_table_host": null,
            "secondary_web_endpoint": null,
            "secondary_web_host": null,
            "share_properties": [
              {
                "cors_rule": [],
                "retention_policy": [
                  {
                    "days": 7
                  }
                ],
                "smb": []
              }
            ],
            "shared_access_key_enabled": true,
            "static_website": [],
            "table_encryption_key_type": "Service",
            "tags": {},
            "timeouts": null
          },
          "sensitive_attributes": [],
          "private": "eyJlMmJmYjczMC1lY2FhLTExZTYtOGY4OC0zNDM2M2JjN2M0YzAiOnsiY3JlYXRlIjozNjAwMDAwMDAwMDAwLCJkZWxldGUiOjM2MDAwMDAwMDAwMDAsInJlYWQiOjMwMDAwMDAwMDAwMCwidXBkYXRlIjozNjAwMDAwMDAwMDAwfSwic2NoZW1hX3ZlcnNpb24iOiIyIn0=",
          "dependencies": [
            "azurerm_resource_group.rg",
            "random_id.randomId",
            "random_pet.rg-name"
          ]
        }
      ]
    },
    {
      "mode": "managed",
      "type": "azurerm_storage_account",
      "name": "tfstate",
      "provider": "provider[\"registry.terraform.io/hashicorp/azurerm\"]",
      "instances": [
        {
          "schema_version": 2,
          "attributes": {
            "access_tier": "Hot",
            "account_kind": "StorageV2",
            "account_replication_type": "LRS",
            "account_tier": "Standard",
            "allow_blob_public_access": true,
            "azure_files_authentication": [],
            "blob_properties": [
              {
                "change_feed_enabled": false,
                "container_delete_retention_policy": [],
                "cors_rule": [],
                "default_service_version": "",
                "delete_retention_policy": [],
                "last_access_time_enabled": false,
                "versioning_enabled": false
              }
            ],
            "custom_domain": [],
            "customer_managed_key": [],
            "enable_https_traffic_only": true,
            "id": "/subscriptions/09923029-280b-4233-8198-9ae8dd925f46/resourceGroups/tfstate/providers/Microsoft.Storage/storageAccounts/tfstate6ol10",
            "identity": [],
            "infrastructure_encryption_enabled": false,
            "is_hns_enabled": false,
            "large_file_share_enabled": null,
            "location": "uksouth",
            "min_tls_version": "TLS1_0",
            "name": "tfstate6ol10",
            "network_rules": [
              {
                "bypass": [
                  "AzureServices"
                ],
                "default_action": "Allow",
                "ip_rules": [],
                "private_link_access": [],
                "virtual_network_subnet_ids": []
              }
            ],
            "nfsv3_enabled": false,
            "primary_access_key": "E4y4UoA9yx+zmdAM3Nj970x+jfMQt4dXWUPHkMoNaUBGuYKQJFQnSFQ3Wt9IeYAWKOwSXfabTFcz+AStqiZ61g==",
            "primary_blob_connection_string": "DefaultEndpointsProtocol=https;BlobEndpoint=https://tfstate6ol10.blob.core.windows.net/;AccountName=tfstate6ol10;AccountKey=E4y4UoA9yx+zmdAM3Nj970x+jfMQt4dXWUPHkMoNaUBGuYKQJFQnSFQ3Wt9IeYAWKOwSXfabTFcz+AStqiZ61g==",
            "primary_blob_endpoint": "https://tfstate6ol10.blob.core.windows.net/",
            "primary_blob_host": "tfstate6ol10.blob.core.windows.net",
            "primary_connection_string": "DefaultEndpointsProtocol=https;AccountName=tfstate6ol10;AccountKey=E4y4UoA9yx+zmdAM3Nj970x+jfMQt4dXWUPHkMoNaUBGuYKQJFQnSFQ3Wt9IeYAWKOwSXfabTFcz+AStqiZ61g==;EndpointSuffix=core.windows.net",
            "primary_dfs_endpoint": "https://tfstate6ol10.dfs.core.windows.net/",
            "primary_dfs_host": "tfstate6ol10.dfs.core.windows.net",
            "primary_file_endpoint": "https://tfstate6ol10.file.core.windows.net/",
            "primary_file_host": "tfstate6ol10.file.core.windows.net",
            "primary_location": "uksouth",
            "primary_queue_endpoint": "https://tfstate6ol10.queue.core.windows.net/",
            "primary_queue_host": "tfstate6ol10.queue.core.windows.net",
            "primary_table_endpoint": "https://tfstate6ol10.table.core.windows.net/",
            "primary_table_host": "tfstate6ol10.table.core.windows.net",
            "primary_web_endpoint": "https://tfstate6ol10.z33.web.core.windows.net/",
            "primary_web_host": "tfstate6ol10.z33.web.core.windows.net",
            "queue_encryption_key_type": "Service",
            "queue_properties": [
              {
                "cors_rule": [],
                "hour_metrics": [
                  {
                    "enabled": true,
                    "include_apis": true,
                    "retention_policy_days": 7,
                    "version": "1.0"
                  }
                ],
                "logging": [
                  {
                    "delete": false,
                    "read": false,
                    "retention_policy_days": 0,
                    "version": "1.0",
                    "write": false
                  }
                ],
                "minute_metrics": [
                  {
                    "enabled": false,
                    "include_apis": false,
                    "retention_policy_days": 0,
                    "version": "1.0"
                  }
                ]
              }
            ],
            "resource_group_name": "tfstate",
            "routing": [],
            "secondary_access_key": "/NB1xVF1AvT+qzybU+MoMO1BpCBN6eKNkBPuOyiUiY3kVYO5cuFTYXdOdh8QRbyheAavBg9xARxw+ASt8RPxZg==",
            "secondary_blob_connection_string": "",
            "secondary_blob_endpoint": null,
            "secondary_blob_host": null,
            "secondary_connection_string": "DefaultEndpointsProtocol=https;AccountName=tfstate6ol10;AccountKey=/NB1xVF1AvT+qzybU+MoMO1BpCBN6eKNkBPuOyiUiY3kVYO5cuFTYXdOdh8QRbyheAavBg9xARxw+ASt8RPxZg==;EndpointSuffix=core.windows.net",
            "secondary_dfs_endpoint": null,
            "secondary_dfs_host": null,
            "secondary_file_endpoint": null,
            "secondary_file_host": null,
            "secondary_location": "",
            "secondary_queue_endpoint": null,
            "secondary_queue_host": null,
            "secondary_table_endpoint": null,
            "secondary_table_host": null,
            "secondary_web_endpoint": null,
            "secondary_web_host": null,
            "share_properties": [
              {
                "cors_rule": [],
                "retention_policy": [
                  {
                    "days": 7
                  }
                ],
                "smb": []
              }
            ],
            "shared_access_key_enabled": true,
            "static_website": [],
            "table_encryption_key_type": "Service",
            "tags": {
              "environment": "staging"
            },
            "timeouts": null
          },
          "sensitive_attributes": [],
          "private": "eyJlMmJmYjczMC1lY2FhLTExZTYtOGY4OC0zNDM2M2JjN2M0YzAiOnsiY3JlYXRlIjozNjAwMDAwMDAwMDAwLCJkZWxldGUiOjM2MDAwMDAwMDAwMDAsInJlYWQiOjMwMDAwMDAwMDAwMCwidXBkYXRlIjozNjAwMDAwMDAwMDAwfSwic2NoZW1hX3ZlcnNpb24iOiIyIn0=",
          "dependencies": [
            "azurerm_resource_group.rg",
            "azurerm_resource_group.tfstate",
            "random_pet.rg-name",
            "random_string.resource_code"
          ]
        }
      ]
    },
    {
      "mode": "managed",
      "type": "azurerm_storage_container",
      "name": "tfstate",
      "provider": "provider[\"registry.terraform.io/hashicorp/azurerm\"]",
      "instances": [
        {
          "schema_version": 1,
          "attributes": {
            "container_access_type": "blob",
            "has_immutability_policy": false,
            "has_legal_hold": false,
            "id": "https://tfstate6ol10.blob.core.windows.net/tfstate",
            "metadata": {},
            "name": "tfstate",
            "resource_manager_id": "/subscriptions/09923029-280b-4233-8198-9ae8dd925f46/resourceGroups/tfstate/providers/Microsoft.Storage/storageAccounts/tfstate6ol10/blobServices/default/containers/tfstate",
            "storage_account_name": "tfstate6ol10",
            "timeouts": null
          },
          "sensitive_attributes": [],
          "private": "eyJlMmJmYjczMC1lY2FhLTExZTYtOGY4OC0zNDM2M2JjN2M0YzAiOnsiY3JlYXRlIjoxODAwMDAwMDAwMDAwLCJkZWxldGUiOjE4MDAwMDAwMDAwMDAsInJlYWQiOjMwMDAwMDAwMDAwMCwidXBkYXRlIjoxODAwMDAwMDAwMDAwfSwic2NoZW1hX3ZlcnNpb24iOiIxIn0=",
          "dependencies": [
            "azurerm_resource_group.rg",
            "azurerm_resource_group.tfstate",
            "azurerm_storage_account.tfstate",
            "random_pet.rg-name",
            "random_string.resource_code"
          ]
        }
      ]
    },
    {
      "mode": "managed",
      "type": "azurerm_subnet",
      "name": "myterraformsubnet",
      "provider": "provider[\"registry.terraform.io/hashicorp/azurerm\"]",
      "instances": [
        {
          "schema_version": 0,
          "attributes": {
            "address_prefix": "10.0.1.0/24",
            "address_prefixes": [
              "10.0.1.0/24"
            ],
            "delegation": [],
            "enforce_private_link_endpoint_network_policies": false,
            "enforce_private_link_service_network_policies": false,
            "id": "/subscriptions/09923029-280b-4233-8198-9ae8dd925f46/resourceGroups/rg-comic-hermit/providers/Microsoft.Network/virtualNetworks/myVnet/subnets/mySubnet",
            "name": "mySubnet",
            "resource_group_name": "rg-comic-hermit",
            "service_endpoint_policy_ids": [],
            "service_endpoints": [],
            "timeouts": null,
            "virtual_network_name": "myVnet"
          },
          "sensitive_attributes": [],
          "private": "eyJlMmJmYjczMC1lY2FhLTExZTYtOGY4OC0zNDM2M2JjN2M0YzAiOnsiY3JlYXRlIjoxODAwMDAwMDAwMDAwLCJkZWxldGUiOjE4MDAwMDAwMDAwMDAsInJlYWQiOjMwMDAwMDAwMDAwMCwidXBkYXRlIjoxODAwMDAwMDAwMDAwfX0=",
          "dependencies": [
            "azurerm_resource_group.rg",
            "azurerm_virtual_network.myterraformnetwork",
            "random_pet.rg-name"
          ]
        }
      ]
    },
    {
      "mode": "managed",
      "type": "azurerm_virtual_network",
      "name": "myterraformnetwork",
      "provider": "provider[\"registry.terraform.io/hashicorp/azurerm\"]",
      "instances": [
        {
          "schema_version": 0,
          "attributes": {
            "address_space": [
              "10.0.0.0/16"
            ],
            "bgp_community": "",
            "ddos_protection_plan": [],
            "dns_servers": [],
            "flow_timeout_in_minutes": 0,
            "guid": "c9b98fdc-040c-4a4f-b43d-9fcbd30f132f",
            "id": "/subscriptions/09923029-280b-4233-8198-9ae8dd925f46/resourceGroups/rg-comic-hermit/providers/Microsoft.Network/virtualNetworks/myVnet",
            "location": "uksouth",
            "name": "myVnet",
            "resource_group_name": "rg-comic-hermit",
            "subnet": [
              {
                "address_prefix": "10.0.1.0/24",
                "id": "/subscriptions/09923029-280b-4233-8198-9ae8dd925f46/resourceGroups/rg-comic-hermit/providers/Microsoft.Network/virtualNetworks/myVnet/subnets/mySubnet",
                "name": "mySubnet",
                "security_group": ""
              }
            ],
            "tags": {},
            "timeouts": null,
            "vm_protection_enabled": false
          },
          "sensitive_attributes": [],
          "private": "eyJlMmJmYjczMC1lY2FhLTExZTYtOGY4OC0zNDM2M2JjN2M0YzAiOnsiY3JlYXRlIjoxODAwMDAwMDAwMDAwLCJkZWxldGUiOjE4MDAwMDAwMDAwMDAsInJlYWQiOjMwMDAwMDAwMDAwMCwidXBkYXRlIjoxODAwMDAwMDAwMDAwfX0=",
          "dependencies": [
            "azurerm_resource_group.rg",
            "random_pet.rg-name"
          ]
        }
      ]
    },
    {
      "mode": "managed",
      "type": "random_id",
      "name": "randomId",
      "provider": "provider[\"registry.terraform.io/hashicorp/random\"]",
      "instances": [
        {
          "schema_version": 0,
          "attributes": {
            "b64_std": "5hhFnwzEvLg=",
            "b64_url": "5hhFnwzEvLg",
            "byte_length": 8,
            "dec": "16580078577580817592",
            "hex": "e618459f0cc4bcb8",
            "id": "5hhFnwzEvLg",
            "keepers": {
              "resource_group": "rg-comic-hermit"
            },
            "prefix": null
          },
          "sensitive_attributes": [],
          "private": "bnVsbA==",
          "dependencies": [
            "azurerm_resource_group.rg",
            "random_pet.rg-name"
          ]
        }
      ]
    },
    {
      "mode": "managed",
      "type": "random_pet",
      "name": "rg-name",
      "provider": "provider[\"registry.terraform.io/hashicorp/random\"]",
      "instances": [
        {
          "schema_version": 0,
          "attributes": {
            "id": "rg-comic-hermit",
            "keepers": null,
            "length": 2,
            "prefix": "rg",
            "separator": "-"
          },
          "sensitive_attributes": [],
          "private": "bnVsbA=="
        }
      ]
    },
    {
      "mode": "managed",
      "type": "random_string",
      "name": "resource_code",
      "provider": "provider[\"registry.terraform.io/hashicorp/random\"]",
      "instances": [
        {
          "schema_version": 2,
          "attributes": {
            "id": "6ol10",
            "keepers": null,
            "length": 5,
            "lower": true,
            "min_lower": 0,
            "min_numeric": 0,
            "min_special": 0,
            "min_upper": 0,
            "number": true,
            "numeric": true,
            "override_special": null,
            "result": "6ol10",
            "special": false,
            "upper": false
          },
          "sensitive_attributes": [],
          "private": "eyJzY2hlbWFfdmVyc2lvbiI6IjIifQ=="
        }
      ]
    },
    {
      "mode": "managed",
      "type": "tls_private_key",
      "name": "example_ssh",
      "provider": "provider[\"registry.terraform.io/hashicorp/tls\"]",
      "instances": [
        {
          "schema_version": 0,
          "attributes": {
            "algorithm": "RSA",
            "ecdsa_curve": "P224",
            "id": "4574d5a251cb8e444745c8d86a4caf4d0ce50008",
            "private_key_openssh": "-----BEGIN OPENSSH PRIVATE KEY-----\nb3BlbnNzaC1rZXktdjEAAAAABG5vbmUAAAAEbm9uZQAAAAAAAAABAAACFwAAAAdz\nc2gtcnNhAAAAAwEAAQAAAgEAq7ouFboX8M5UMmg8Buwqi9u9Zrfwq2GR03j+IVf5\nJO4Ig+muNy12ZlmimGIkpr0KwDvKVBNk88h/jdgR53EX0AwFgRF0pM44VLO/lle5\nFWE3DNxC858TtTBrFu4nZbN6NqxooAfx/wEtGzawd+M9dlLz2TQ4LizSdZrDLzaA\nlwsffmq+ig2Vvie31FGSVDCG/cuWIl/CYHv09j0uuQg5zKxNly6EXb3K3hy0iD5T\nDNIcoEpz8RZPxuK36nQCnJtjOYUoHnQ4o8/i5LgNEPBsO3bZiOcr7d+lhJ0a4rPG\nsh+RXojRYIKSmypHEc3Y8YyuSfctsHZjTBceJ85KpTuH7v9FIQzmbBDy0dha/pE4\nqvTGC8lXX1NOZCpnDKf8db/t0c9BkGjbIFHoDDxza9bZLlG//xRErW5nxmEpH/lg\nwlNmeC4j4PQoVZE41PIL1FZP1BtZTTEOpM55AJfDgl/3hbsRKnpJ49wA3wWVzchP\npVp4czeqXzPyr3GztN712b91P1Q85T5q5LYrw097MfqxD+aWWfrbrIaBOBqG7g67\n9C3yc3YtonqfmxW6mDYUz1IVvCe7TY9pVZ4O4gCPLd6Lb8cB9PVd+WpSVtzzHjgP\nxsjvE3yhg3fpZ778V0AQQKGgO8pTkh53XeInqmHiCgxjz5OMZKsgAG1tSE5TAV7H\nEzEAAAc44Skr9OEpK/QAAAAHc3NoLXJzYQAAAgEAq7ouFboX8M5UMmg8Buwqi9u9\nZrfwq2GR03j+IVf5JO4Ig+muNy12ZlmimGIkpr0KwDvKVBNk88h/jdgR53EX0AwF\ngRF0pM44VLO/lle5FWE3DNxC858TtTBrFu4nZbN6NqxooAfx/wEtGzawd+M9dlLz\n2TQ4LizSdZrDLzaAlwsffmq+ig2Vvie31FGSVDCG/cuWIl/CYHv09j0uuQg5zKxN\nly6EXb3K3hy0iD5TDNIcoEpz8RZPxuK36nQCnJtjOYUoHnQ4o8/i5LgNEPBsO3bZ\niOcr7d+lhJ0a4rPGsh+RXojRYIKSmypHEc3Y8YyuSfctsHZjTBceJ85KpTuH7v9F\nIQzmbBDy0dha/pE4qvTGC8lXX1NOZCpnDKf8db/t0c9BkGjbIFHoDDxza9bZLlG/\n/xRErW5nxmEpH/lgwlNmeC4j4PQoVZE41PIL1FZP1BtZTTEOpM55AJfDgl/3hbsR\nKnpJ49wA3wWVzchPpVp4czeqXzPyr3GztN712b91P1Q85T5q5LYrw097MfqxD+aW\nWfrbrIaBOBqG7g679C3yc3YtonqfmxW6mDYUz1IVvCe7TY9pVZ4O4gCPLd6Lb8cB\n9PVd+WpSVtzzHjgPxsjvE3yhg3fpZ778V0AQQKGgO8pTkh53XeInqmHiCgxjz5OM\nZKsgAG1tSE5TAV7HEzEAAAADAQABAAACAG+5i24bSqQiuOiqpBMk53Fin1EK7wux\nSPy6xSvQXonGS8f26p9/dn6UZpKZl5rbdvkmbTZR/+YTVdlk8BERpRp4F8SnJKps\neH2zDDy2CfZ87yHw06ZIorvJKoMaoosqP6L+fHtRcAImM8B2zkzRjRVEVt3DeaGh\nC7Pz4nT/Ep4yYGUQ8bJDsF6s3I7IG1mm0Myh/aWTg5TeULs7hwBe96vPlhN78iZC\n6o+jQVk6ozG+KV2n0tLRX0nYCywAGgrllaLAnR9jIc6B2+5OSEHzCZeOdWz6abwz\nOy6SQAGqUOVmYF+OyBnwGY3V7bMJp9FPY70/kXwzKdtBVx8yuaHSn1avClpB6bgy\n/TCfEzrxj1igsWpwew8cCYAi0vYTwGUCChimP7AeIMAmwBbgkncLv6t081lcXVd3\nljsbHQO8xHkoELxxBvaxeBml+sCoY8QUn48tzFo7hMxADNfPq/nnvClv0JUBoJwx\nlG60mms1aBmQiiHdvAMhh7xqEcFkmDHTgL7c8jHDk9qNtUayEhBwnypcaVoREVXF\nx2RM0JeEKR/+K5HeJlzgAaOCmgGnhP1EPRxRJJIbZjRQ5OwlinBK3Gh7w8PZ+6Q7\nX3vG66M7T+pj/dbdC2dvO4P6dUNf8P0d/WmWBSYrWBdDQEbVhE51apJ298jza9wy\nTLWuA+xnqslZAAABAQChbwp5YtSId/gCMibR99Sv3KUuYmoYriubVX2+EDuSwZha\nn/kg54da+vBa4PMPlRdnff1WH1hGfiIw7MpkKy9TdZL9x8YP097voqlgce98B4/c\nnR/VbJGkp6DgDc9jAKUgTlFPM2N3VPUqQOBWbG5fcuQ2RwQ5woF8/g8UTj4uTfln\nU7oJEB4M1Zr9z49bhqTPdjEUL3+yN2I7+MBvBzdqpWGZ2cEM+nIqmklezew5qqxo\n+fs7u6+PyrEEK6nhEUccNWSxNWJfMXxZd+GsW0kQrs6/a0QPJqMAdME3ohXnas0Z\nZbhusMZZYcqMasWurmO+SOUNrdEUuEZJS/jV0BoaAAABAQDBaDILECWY99f4GLXf\n1iC8eMPl8g5WPEy1bsS6bOn58RQpjPVqZXp6SSx86yl3E3W16fBMoUW8PH/G5T3i\nqUcuDUixB0tX/oeQrcTZylYd+9i3d+5EXucjpAnOX4EOwgcC00YMZSO6Ba+YatyQ\nwEnO2Ya0sn4rQWOjZzAbIk2IcbkNOxQ+zjJXfczL5yIYzgvL0p530imYIYb8yR6G\neIEBKFfUuR0U39+poADAhwMv1G+b2TUaj4eCkrIV0lZQXu6mU1s/uyWJH2VJXIgy\n2fF/jY9fd4OQ16ug4aIQYN2WiuRwuhLMinBu7w1G5D8USlnJ7KYzbSmZXPBji7IT\nx9GzAAABAQDjTdBNCy6g3xuRrdP+ZyZfY0v7z6mKnjyboRXBBRzHu9tpyIAoNNau\nnJIZm9WwE/hwnUH40bJ6BWkCeG/3Il2EzRiprVr41jjKFY9iqtMy4/vi544FXm+G\nlcEemeZfczvDSgDmLkDDE+JXJnPOShbX6O1aW5OrMUpaotwfHToIkzwhIJa8mOzp\na/nneAtNnRApxsFw+wlkC740J7hHt1zkaFBiQVxNus/MbGm/UMqsZ9dxNTtdNH3j\nCi0j6qRMELKZkNWw+t6Yx7FUt63pI/qbuAdw29MAKRI9V4SCpYvBvCLFI7JyibBw\n6Abr+RLmLV7FWP4y+8pc8DjS6K15hW2LAAAAAAEC\n-----END OPENSSH PRIVATE KEY-----\n",
            "private_key_pem": "-----BEGIN RSA PRIVATE KEY-----\nMIIJKAIBAAKCAgEAq7ouFboX8M5UMmg8Buwqi9u9Zrfwq2GR03j+IVf5JO4Ig+mu\nNy12ZlmimGIkpr0KwDvKVBNk88h/jdgR53EX0AwFgRF0pM44VLO/lle5FWE3DNxC\n858TtTBrFu4nZbN6NqxooAfx/wEtGzawd+M9dlLz2TQ4LizSdZrDLzaAlwsffmq+\nig2Vvie31FGSVDCG/cuWIl/CYHv09j0uuQg5zKxNly6EXb3K3hy0iD5TDNIcoEpz\n8RZPxuK36nQCnJtjOYUoHnQ4o8/i5LgNEPBsO3bZiOcr7d+lhJ0a4rPGsh+RXojR\nYIKSmypHEc3Y8YyuSfctsHZjTBceJ85KpTuH7v9FIQzmbBDy0dha/pE4qvTGC8lX\nX1NOZCpnDKf8db/t0c9BkGjbIFHoDDxza9bZLlG//xRErW5nxmEpH/lgwlNmeC4j\n4PQoVZE41PIL1FZP1BtZTTEOpM55AJfDgl/3hbsRKnpJ49wA3wWVzchPpVp4czeq\nXzPyr3GztN712b91P1Q85T5q5LYrw097MfqxD+aWWfrbrIaBOBqG7g679C3yc3Yt\nonqfmxW6mDYUz1IVvCe7TY9pVZ4O4gCPLd6Lb8cB9PVd+WpSVtzzHjgPxsjvE3yh\ng3fpZ778V0AQQKGgO8pTkh53XeInqmHiCgxjz5OMZKsgAG1tSE5TAV7HEzECAwEA\nAQKCAgBvuYtuG0qkIrjoqqQTJOdxYp9RCu8LsUj8usUr0F6JxkvH9uqff3Z+lGaS\nmZea23b5Jm02Uf/mE1XZZPAREaUaeBfEpySqbHh9sww8tgn2fO8h8NOmSKK7ySqD\nGqKLKj+i/nx7UXACJjPAds5M0Y0VRFbdw3mhoQuz8+J0/xKeMmBlEPGyQ7BerNyO\nyBtZptDMof2lk4OU3lC7O4cAXverz5YTe/ImQuqPo0FZOqMxvildp9LS0V9J2Ass\nABoK5ZWiwJ0fYyHOgdvuTkhB8wmXjnVs+mm8MzsukkABqlDlZmBfjsgZ8BmN1e2z\nCafRT2O9P5F8MynbQVcfMrmh0p9WrwpaQem4Mv0wnxM68Y9YoLFqcHsPHAmAItL2\nE8BlAgoYpj+wHiDAJsAW4JJ3C7+rdPNZXF1Xd5Y7Gx0DvMR5KBC8cQb2sXgZpfrA\nqGPEFJ+PLcxaO4TMQAzXz6v557wpb9CVAaCcMZRutJprNWgZkIoh3bwDIYe8ahHB\nZJgx04C+3PIxw5PajbVGshIQcJ8qXGlaERFVxcdkTNCXhCkf/iuR3iZc4AGjgpoB\np4T9RD0cUSSSG2Y0UOTsJYpwStxoe8PD2fukO197xuujO0/qY/3W3QtnbzuD+nVD\nX/D9Hf1plgUmK1gXQ0BG1YROdWqSdvfI82vcMky1rgPsZ6rJWQKCAQEAwWgyCxAl\nmPfX+Bi139YgvHjD5fIOVjxMtW7Eumzp+fEUKYz1amV6ekksfOspdxN1tenwTKFF\nvDx/xuU94qlHLg1IsQdLV/6HkK3E2cpWHfvYt3fuRF7nI6QJzl+BDsIHAtNGDGUj\nugWvmGrckMBJztmGtLJ+K0Fjo2cwGyJNiHG5DTsUPs4yV33My+ciGM4Ly9Ked9Ip\nmCGG/MkehniBAShX1LkdFN/fqaAAwIcDL9Rvm9k1Go+HgpKyFdJWUF7uplNbP7sl\niR9lSVyIMtnxf42PX3eDkNeroOGiEGDdlorkcLoSzIpwbu8NRuQ/FEpZyeymM20p\nmVzwY4uyE8fRswKCAQEA403QTQsuoN8bka3T/mcmX2NL+8+pip48m6EVwQUcx7vb\naciAKDTWrpySGZvVsBP4cJ1B+NGyegVpAnhv9yJdhM0Yqa1a+NY4yhWPYqrTMuP7\n4ueOBV5vhpXBHpnmX3M7w0oA5i5AwxPiVyZzzkoW1+jtWluTqzFKWqLcHx06CJM8\nISCWvJjs6Wv553gLTZ0QKcbBcPsJZAu+NCe4R7dc5GhQYkFcTbrPzGxpv1DKrGfX\ncTU7XTR94wotI+qkTBCymZDVsPremMexVLet6SP6m7gHcNvTACkSPVeEgqWLwbwi\nxSOycomwcOgG6/kS5i1exVj+MvvKXPA40uiteYVtiwKCAQAk3YOMcEt6WOOlurAQ\nNnSO+EX+8qCg92V3v+Fn15LRvY4mTWQKH8W0wXXlab3BoMfzIOBY+vSb6LxCYTfm\nmHWk5YtRkx5da3rTrQu0p8i6dmLctdOI3L4aIQ5tc+7ZrUpA05yqiCzDLIpH9zaL\nsNtgvj3a+5rpC9G+N9EHmwZEV8j6KKS3Q/58htIem7P4Hm5JL6BdHoYnJVzhmkRj\nRVzxp4r2VUKh0/qCDqmWCSYmW8vaXRCuO2WNEgE3/5vMPgwnUAQ4paeF96IK1cRw\nTPKnaYhGnjVJypJAXEHT9WLHazoX8p/atRixTIevV5ped72dq6oSa2Beh0Sa9OnA\ns3nZAoIBAG0gpqjWfYRumOXP9r9k9l9FZO14PYV3gtGU/MS2l6Ks5iJbSGwFMiyS\nrvHshyMJ83TdixbSVkWO42N0Pwz/Sra/YN/Vgp+E+a7LuxM7wDnmir/dO6oINLMA\nor72VEvvHvobRWM9QYpmuXvt0htwJpdyFMIUxUijWXc6SUQG3B3R0kR1SOky4ksO\ns+QVFhglF+V2rth3LYMCwEZ561dDCS3/htglWRNYZPtX8U0QlL1A/YY0cFPHJ8kg\n0Zs0w7xhJ93iUzWsu8HN3a02oiAUTfUE3U2pvBuPnFom8k9m+zoAARF0me+zeyo5\nu1j/M7uefKlymFgR2o3UJvPbEa4OCRECggEBAKFvCnli1Ih3+AIyJtH31K/cpS5i\nahiuK5tVfb4QO5LBmFqf+SDnh1r68Frg8w+VF2d9/VYfWEZ+IjDsymQrL1N1kv3H\nxg/T3u+iqWBx73wHj9ydH9VskaSnoOANz2MApSBOUU8zY3dU9SpA4FZsbl9y5DZH\nBDnCgXz+DxROPi5N+WdTugkQHgzVmv3Pj1uGpM92MRQvf7I3Yjv4wG8HN2qlYZnZ\nwQz6ciqaSV7N7DmqrGj5+zu7r4/KsQQrqeERRxw1ZLE1Yl8xfFl34axbSRCuzr9r\nRA8mowB0wTeiFedqzRlluG6wxllhyoxqxa6uY75I5Q2t0RS4RklL+NXQGho=\n-----END RSA PRIVATE KEY-----\n",
            "public_key_fingerprint_md5": "5e:93:28:60:1a:b9:0f:c9:b4:9c:88:b8:db:fc:d0:f1",
            "public_key_fingerprint_sha256": "SHA256:tw6pIEXC9D4J1TDuD4YT2UzlD4z5ssDMtmNi/rsU4Ig",
            "public_key_openssh": "ssh-rsa AAAAB3NzaC1yc2EAAAADAQABAAACAQCrui4VuhfwzlQyaDwG7CqL271mt/CrYZHTeP4hV/kk7giD6a43LXZmWaKYYiSmvQrAO8pUE2TzyH+N2BHncRfQDAWBEXSkzjhUs7+WV7kVYTcM3ELznxO1MGsW7idls3o2rGigB/H/AS0bNrB34z12UvPZNDguLNJ1msMvNoCXCx9+ar6KDZW+J7fUUZJUMIb9y5YiX8Jge/T2PS65CDnMrE2XLoRdvcreHLSIPlMM0hygSnPxFk/G4rfqdAKcm2M5hSgedDijz+LkuA0Q8Gw7dtmI5yvt36WEnRris8ayH5FeiNFggpKbKkcRzdjxjK5J9y2wdmNMFx4nzkqlO4fu/0UhDOZsEPLR2Fr+kTiq9MYLyVdfU05kKmcMp/x1v+3Rz0GQaNsgUegMPHNr1tkuUb//FEStbmfGYSkf+WDCU2Z4LiPg9ChVkTjU8gvUVk/UG1lNMQ6kznkAl8OCX/eFuxEqeknj3ADfBZXNyE+lWnhzN6pfM/KvcbO03vXZv3U/VDzlPmrktivDT3sx+rEP5pZZ+tushoE4GobuDrv0LfJzdi2iep+bFbqYNhTPUhW8J7tNj2lVng7iAI8t3otvxwH09V35alJW3PMeOA/GyO8TfKGDd+lnvvxXQBBAoaA7ylOSHndd4ieqYeIKDGPPk4xkqyAAbW1ITlMBXscTMQ==\n",
            "public_key_pem": "-----BEGIN PUBLIC KEY-----\nMIICIjANBgkqhkiG9w0BAQEFAAOCAg8AMIICCgKCAgEAq7ouFboX8M5UMmg8Buwq\ni9u9Zrfwq2GR03j+IVf5JO4Ig+muNy12ZlmimGIkpr0KwDvKVBNk88h/jdgR53EX\n0AwFgRF0pM44VLO/lle5FWE3DNxC858TtTBrFu4nZbN6NqxooAfx/wEtGzawd+M9\ndlLz2TQ4LizSdZrDLzaAlwsffmq+ig2Vvie31FGSVDCG/cuWIl/CYHv09j0uuQg5\nzKxNly6EXb3K3hy0iD5TDNIcoEpz8RZPxuK36nQCnJtjOYUoHnQ4o8/i5LgNEPBs\nO3bZiOcr7d+lhJ0a4rPGsh+RXojRYIKSmypHEc3Y8YyuSfctsHZjTBceJ85KpTuH\n7v9FIQzmbBDy0dha/pE4qvTGC8lXX1NOZCpnDKf8db/t0c9BkGjbIFHoDDxza9bZ\nLlG//xRErW5nxmEpH/lgwlNmeC4j4PQoVZE41PIL1FZP1BtZTTEOpM55AJfDgl/3\nhbsRKnpJ49wA3wWVzchPpVp4czeqXzPyr3GztN712b91P1Q85T5q5LYrw097Mfqx\nD+aWWfrbrIaBOBqG7g679C3yc3YtonqfmxW6mDYUz1IVvCe7TY9pVZ4O4gCPLd6L\nb8cB9PVd+WpSVtzzHjgPxsjvE3yhg3fpZ778V0AQQKGgO8pTkh53XeInqmHiCgxj\nz5OMZKsgAG1tSE5TAV7HEzECAwEAAQ==\n-----END PUBLIC KEY-----\n",
            "rsa_bits": 4096
          },
          "sensitive_attributes": [],
          "private": "bnVsbA=="
        }
      ]
    }
  ]
}
